
Microsoft Visual Studio Solution File, Format Version 12.00
# Visual Studio Version 17
VisualStudioVersion = 17.6.33815.320
MinimumVisualStudioVersion = 10.0.40219.1
Project("{9A19103F-16F7-4668-BE54-9A1E7A4F7556}") = "Exercice1", "Exercice1\Exercice1.csproj", "{A4859746-04D8-4431-9CB7-676E3944C60B}"
EndProject
Project("{9A19103F-16F7-4668-BE54-9A1E7A4F7556}") = "Exercice2", "Exercice2\Exercice2.csproj", "{E4C53FC1-F8A8-4868-A3A2-98BBC272118F}"
EndProject
Project("{9A19103F-16F7-4668-BE54-9A1E7A4F7556}") = "Exercice3", "Exercice3\Exercice3.csproj", "{8C7A0336-DCC5-470A-AD22-39191EDF75C4}"
EndProject
Project("{9A19103F-16F7-4668-BE54-9A1E7A4F7556}") = "Exercice4", "Exercice4\Exercice4.csproj", "{ABD24DB1-E354-48B7-8904-002DE44D2D86}"
EndProject
Project("{9A19103F-16F7-4668-BE54-9A1E7A4F7556}") = "Exercice5", "Exercice5\Exercice5.csproj", "{C4C1879D-B475-437B-8814-83187EF484A3}"
EndProject
Project("{9A19103F-16F7-4668-BE54-9A1E7A4F7556}") = "Exercice6", "Exercice6\Exercice6.csproj", "{E8A64D03-31B4-41BA-9301-0798AE17FFF0}"
EndProject
Project("{9A19103F-16F7-4668-BE54-9A1E7A4F7556}") = "Exercice7", "Exercice7\Exercice7.csproj", "{966203AA-336E-459C-B9A1-A5C447BD3C8B}"
EndProject
Project("{9A19103F-16F7-4668-BE54-9A1E7A4F7556}") = "Exercice8", "Exercice8\Exercice8.csproj", "{765DDCDD-088C-4537-95E9-9C7BE0BE783F}"
EndProject
Project("{9A19103F-16F7-4668-BE54-9A1E7A4F7556}") = "Exercice9", "Exercice9\Exercice9.csproj", "{BD374F91-5300-444F-B859-839E9A5478F3}"
EndProject
Project("{9A19103F-16F7-4668-BE54-9A1E7A4F7556}") = "Exercice10", "Exercice10\Exercice10.csproj", "{BF31C4B5-0222-4E32-8889-815B8BDEFAF6}"
EndProject
Project("{9A19103F-16F7-4668-BE54-9A1E7A4F7556}") = "Exercice11", "Exercice11\Exercice11.csproj", "{BDFD0130-AC64-45EA-B2C4-5AAFB84153E3}"
EndProject
Project("{9A19103F-16F7-4668-BE54-9A1E7A4F7556}") = "Exercice12", "Exercice12\Exercice12.csproj", "{B5498C2D-E7FB-4771-9F9C-49102716F4FF}"
EndProject
Project("{9A19103F-16F7-4668-BE54-9A1E7A4F7556}") = "Exercice13", "Exercice13\Exercice13.csproj", "{81877605-8D65-4AEC-81B0-A13B07E84D27}"
EndProject
Project("{9A19103F-16F7-4668-BE54-9A1E7A4F7556}") = "Exercice14", "Exercice14\Exercice14.csproj", "{38CB9101-655B-4C85-809B-7DB11493D72F}"
EndProject
Project("{9A19103F-16F7-4668-BE54-9A1E7A4F7556}") = "Exercice15", "Exercice15\Exercice15.csproj", "{3E0CA74F-6331-4C20-A896-8200B0982838}"
EndProject
Project("{9A19103F-16F7-4668-BE54-9A1E7A4F7556}") = "Exercice16", "Exercice16\Exercice16.csproj", "{581446F9-26C7-429D-B721-0F8C2226A2B4}"
EndProject
Project("{9A19103F-16F7-4668-BE54-9A1E7A4F7556}") = "Exercice17", "Exercice17\Exercice17.csproj", "{43D37980-AE2D-4739-8B51-70CC5DC1760D}"
EndProject
Project("{9A19103F-16F7-4668-BE54-9A1E7A4F7556}") = "Exercice18", "Execire18\Exercice18.csproj", "{B7347515-D2A8-4F14-A9C9-4369AF261E8E}"
EndProject
Project("{9A19103F-16F7-4668-BE54-9A1E7A4F7556}") = "Exercice20", "Exercice20\Exercice20.csproj", "{EFFB4990-883B-485A-9EAD-9AA0C13E54E9}"
EndProject
Project("{9A19103F-16F7-4668-BE54-9A1E7A4F7556}") = "Exercice21", "Exercice21\Exercice21.csproj", "{DA625034-2378-47F8-A955-C0D12B9C4DAB}"
EndProject
Project("{9A19103F-16F7-4668-BE54-9A1E7A4F7556}") = "Exercice22", "Exercice22\Exercice22.csproj", "{1772DDC6-1282-41D4-8F82-7741F2D1E6DB}"
EndProject
Project("{9A19103F-16F7-4668-BE54-9A1E7A4F7556}") = "Exercice23", "Exercice23\Exercice23.csproj", "{A0E653C6-D2FE-44F8-9A17-2BC205BD776B}"
EndProject
Project("{9A19103F-16F7-4668-BE54-9A1E7A4F7556}") = "Exercice24", "Exercice24\Exercice24.csproj", "{E4B1D187-26A0-4368-83B5-136B5FEDB2A7}"
EndProject
Project("{9A19103F-16F7-4668-BE54-9A1E7A4F7556}") = "Exercice25", "Exercice25\Exercice25.csproj", "{1E00B670-CF97-48C2-92F6-C3E3382573A1}"
EndProject
Project("{9A19103F-16F7-4668-BE54-9A1E7A4F7556}") = "ExerciceBonus1", "ExerciceBonus1\ExerciceBonus1.csproj", "{D266A361-058F-449B-9A21-999579E8B6F8}"
EndProject
Project("{9A19103F-16F7-4668-BE54-9A1E7A4F7556}") = "Exercice26", "Exercice26\Exercice26.csproj", "{EF04A817-F6D5-4005-A4B3-B20EB18E869F}"
EndProject
Project("{9A19103F-16F7-4668-BE54-9A1E7A4F7556}") = "Exercice27", "Exercice27\Exercice27.csproj", "{E99CF785-6640-48FE-9F1D-B3D754BBF924}"
EndProject
Project("{9A19103F-16F7-4668-BE54-9A1E7A4F7556}") = "Exercice28", "Exercice28\Exercice28.csproj", "{F1FEA2EA-90A0-4D8C-B0DC-E19B533784E8}"
EndProject
Project("{9A19103F-16F7-4668-BE54-9A1E7A4F7556}") = "Exercice29", "Exercice29\Exercice29.csproj", "{A93C27C1-3E22-45E1-8104-B35441A208E1}"
EndProject
Project("{9A19103F-16F7-4668-BE54-9A1E7A4F7556}") = "Exercice30", "Exercice30\Exercice30.csproj", "{6B805782-394B-493B-B9C0-FD311C7999AE}"
EndProject
Project("{9A19103F-16F7-4668-BE54-9A1E7A4F7556}") = "Exercice31", "Exercice31\Exercice31.csproj", "{E868888E-2FB0-41CB-B840-508B848288B4}"
EndProject
Project("{9A19103F-16F7-4668-BE54-9A1E7A4F7556}") = "ExerciceBonusFibonnaci", "ExerciceBonusFibonnaci\ExerciceBonusFibonnaci.csproj", "{CA37F3DD-FBA9-47FA-BD8D-197C2DB151E4}"
EndProject
Project("{9A19103F-16F7-4668-BE54-9A1E7A4F7556}") = "Exercice32", "Exercice32\Exercice32.csproj", "{52F2216E-4460-4628-8128-5EECF397B3EA}"
EndProject
Project("{9A19103F-16F7-4668-BE54-9A1E7A4F7556}") = "Exercice33", "Exercice33\Exercice33.csproj", "{19227383-9D1F-402C-943B-B7A5EF945040}"
EndProject
Project("{9A19103F-16F7-4668-BE54-9A1E7A4F7556}") = "Exercice34", "Exercice34\Exercice34.csproj", "{FB9396C2-7422-4CA3-AE57-F2D98E879C33}"
EndProject
Project("{9A19103F-16F7-4668-BE54-9A1E7A4F7556}") = "Exercice35", "Exercice35\Exercice35.csproj", "{17313634-8801-4C8B-8B03-661A2B17BDAD}"
EndProject
Project("{9A19103F-16F7-4668-BE54-9A1E7A4F7556}") = "Exercice36", "Exercice36\Exercice36.csproj", "{18B564B3-0278-4B88-95B7-2AEC048F1E92}"
EndProject
Project("{9A19103F-16F7-4668-BE54-9A1E7A4F7556}") = "Exercice37", "Exercice37\Exercice37.csproj", "{99AA5F62-E7B6-44B2-AC85-4FCEC9F6BAE0}"
EndProject
Project("{9A19103F-16F7-4668-BE54-9A1E7A4F7556}") = "Exercice38", "Exercice38\Exercice38.csproj", "{3485912E-61C3-45CB-9672-F17F45482294}"
EndProject
Project("{9A19103F-16F7-4668-BE54-9A1E7A4F7556}") = "Exercice39", "Exercice39\Exercice39.csproj", "{377C04A8-D8BE-42C6-84D2-85FA5586AA83}"
EndProject
Project("{FAE04EC0-301F-11D3-BF4B-00C04F79EFBC}") = "ExerciceTuple", "ExerciceTuple\ExerciceTuple.csproj", "{DFBA4813-052D-4792-A9A3-6E56907CD152}"
EndProject
Project("{FAE04EC0-301F-11D3-BF4B-00C04F79EFBC}") = "ExerciceADN", "ExerciceADN\ExerciceADN.csproj", "{83ED4192-41C7-4209-A547-CF1A6C08A203}"
EndProject
Global
	GlobalSection(SolutionConfigurationPlatforms) = preSolution
		Debug|Any CPU = Debug|Any CPU
		Release|Any CPU = Release|Any CPU
	EndGlobalSection
	GlobalSection(ProjectConfigurationPlatforms) = postSolution
		{A4859746-04D8-4431-9CB7-676E3944C60B}.Debug|Any CPU.ActiveCfg = Debug|Any CPU
		{A4859746-04D8-4431-9CB7-676E3944C60B}.Debug|Any CPU.Build.0 = Debug|Any CPU
		{A4859746-04D8-4431-9CB7-676E3944C60B}.Release|Any CPU.ActiveCfg = Release|Any CPU
		{A4859746-04D8-4431-9CB7-676E3944C60B}.Release|Any CPU.Build.0 = Release|Any CPU
		{E4C53FC1-F8A8-4868-A3A2-98BBC272118F}.Debug|Any CPU.ActiveCfg = Debug|Any CPU
		{E4C53FC1-F8A8-4868-A3A2-98BBC272118F}.Debug|Any CPU.Build.0 = Debug|Any CPU
		{E4C53FC1-F8A8-4868-A3A2-98BBC272118F}.Release|Any CPU.ActiveCfg = Release|Any CPU
		{E4C53FC1-F8A8-4868-A3A2-98BBC272118F}.Release|Any CPU.Build.0 = Release|Any CPU
		{8C7A0336-DCC5-470A-AD22-39191EDF75C4}.Debug|Any CPU.ActiveCfg = Debug|Any CPU
		{8C7A0336-DCC5-470A-AD22-39191EDF75C4}.Debug|Any CPU.Build.0 = Debug|Any CPU
		{8C7A0336-DCC5-470A-AD22-39191EDF75C4}.Release|Any CPU.ActiveCfg = Release|Any CPU
		{8C7A0336-DCC5-470A-AD22-39191EDF75C4}.Release|Any CPU.Build.0 = Release|Any CPU
		{ABD24DB1-E354-48B7-8904-002DE44D2D86}.Debug|Any CPU.ActiveCfg = Debug|Any CPU
		{ABD24DB1-E354-48B7-8904-002DE44D2D86}.Debug|Any CPU.Build.0 = Debug|Any CPU
		{ABD24DB1-E354-48B7-8904-002DE44D2D86}.Release|Any CPU.ActiveCfg = Release|Any CPU
		{ABD24DB1-E354-48B7-8904-002DE44D2D86}.Release|Any CPU.Build.0 = Release|Any CPU
		{C4C1879D-B475-437B-8814-83187EF484A3}.Debug|Any CPU.ActiveCfg = Debug|Any CPU
		{C4C1879D-B475-437B-8814-83187EF484A3}.Debug|Any CPU.Build.0 = Debug|Any CPU
		{C4C1879D-B475-437B-8814-83187EF484A3}.Release|Any CPU.ActiveCfg = Release|Any CPU
		{C4C1879D-B475-437B-8814-83187EF484A3}.Release|Any CPU.Build.0 = Release|Any CPU
		{E8A64D03-31B4-41BA-9301-0798AE17FFF0}.Debug|Any CPU.ActiveCfg = Debug|Any CPU
		{E8A64D03-31B4-41BA-9301-0798AE17FFF0}.Debug|Any CPU.Build.0 = Debug|Any CPU
		{E8A64D03-31B4-41BA-9301-0798AE17FFF0}.Release|Any CPU.ActiveCfg = Release|Any CPU
		{E8A64D03-31B4-41BA-9301-0798AE17FFF0}.Release|Any CPU.Build.0 = Release|Any CPU
		{966203AA-336E-459C-B9A1-A5C447BD3C8B}.Debug|Any CPU.ActiveCfg = Debug|Any CPU
		{966203AA-336E-459C-B9A1-A5C447BD3C8B}.Debug|Any CPU.Build.0 = Debug|Any CPU
		{966203AA-336E-459C-B9A1-A5C447BD3C8B}.Release|Any CPU.ActiveCfg = Release|Any CPU
		{966203AA-336E-459C-B9A1-A5C447BD3C8B}.Release|Any CPU.Build.0 = Release|Any CPU
		{765DDCDD-088C-4537-95E9-9C7BE0BE783F}.Debug|Any CPU.ActiveCfg = Debug|Any CPU
		{765DDCDD-088C-4537-95E9-9C7BE0BE783F}.Debug|Any CPU.Build.0 = Debug|Any CPU
		{765DDCDD-088C-4537-95E9-9C7BE0BE783F}.Release|Any CPU.ActiveCfg = Release|Any CPU
		{765DDCDD-088C-4537-95E9-9C7BE0BE783F}.Release|Any CPU.Build.0 = Release|Any CPU
		{BD374F91-5300-444F-B859-839E9A5478F3}.Debug|Any CPU.ActiveCfg = Debug|Any CPU
		{BD374F91-5300-444F-B859-839E9A5478F3}.Debug|Any CPU.Build.0 = Debug|Any CPU
		{BD374F91-5300-444F-B859-839E9A5478F3}.Release|Any CPU.ActiveCfg = Release|Any CPU
		{BD374F91-5300-444F-B859-839E9A5478F3}.Release|Any CPU.Build.0 = Release|Any CPU
		{BF31C4B5-0222-4E32-8889-815B8BDEFAF6}.Debug|Any CPU.ActiveCfg = Debug|Any CPU
		{BF31C4B5-0222-4E32-8889-815B8BDEFAF6}.Debug|Any CPU.Build.0 = Debug|Any CPU
		{BF31C4B5-0222-4E32-8889-815B8BDEFAF6}.Release|Any CPU.ActiveCfg = Release|Any CPU
		{BF31C4B5-0222-4E32-8889-815B8BDEFAF6}.Release|Any CPU.Build.0 = Release|Any CPU
		{BDFD0130-AC64-45EA-B2C4-5AAFB84153E3}.Debug|Any CPU.ActiveCfg = Debug|Any CPU
		{BDFD0130-AC64-45EA-B2C4-5AAFB84153E3}.Debug|Any CPU.Build.0 = Debug|Any CPU
		{BDFD0130-AC64-45EA-B2C4-5AAFB84153E3}.Release|Any CPU.ActiveCfg = Release|Any CPU
		{BDFD0130-AC64-45EA-B2C4-5AAFB84153E3}.Release|Any CPU.Build.0 = Release|Any CPU
		{B5498C2D-E7FB-4771-9F9C-49102716F4FF}.Debug|Any CPU.ActiveCfg = Debug|Any CPU
		{B5498C2D-E7FB-4771-9F9C-49102716F4FF}.Debug|Any CPU.Build.0 = Debug|Any CPU
		{B5498C2D-E7FB-4771-9F9C-49102716F4FF}.Release|Any CPU.ActiveCfg = Release|Any CPU
		{B5498C2D-E7FB-4771-9F9C-49102716F4FF}.Release|Any CPU.Build.0 = Release|Any CPU
		{81877605-8D65-4AEC-81B0-A13B07E84D27}.Debug|Any CPU.ActiveCfg = Debug|Any CPU
		{81877605-8D65-4AEC-81B0-A13B07E84D27}.Debug|Any CPU.Build.0 = Debug|Any CPU
		{81877605-8D65-4AEC-81B0-A13B07E84D27}.Release|Any CPU.ActiveCfg = Release|Any CPU
		{81877605-8D65-4AEC-81B0-A13B07E84D27}.Release|Any CPU.Build.0 = Release|Any CPU
		{38CB9101-655B-4C85-809B-7DB11493D72F}.Debug|Any CPU.ActiveCfg = Debug|Any CPU
		{38CB9101-655B-4C85-809B-7DB11493D72F}.Debug|Any CPU.Build.0 = Debug|Any CPU
		{38CB9101-655B-4C85-809B-7DB11493D72F}.Release|Any CPU.ActiveCfg = Release|Any CPU
		{38CB9101-655B-4C85-809B-7DB11493D72F}.Release|Any CPU.Build.0 = Release|Any CPU
		{3E0CA74F-6331-4C20-A896-8200B0982838}.Debug|Any CPU.ActiveCfg = Debug|Any CPU
		{3E0CA74F-6331-4C20-A896-8200B0982838}.Debug|Any CPU.Build.0 = Debug|Any CPU
		{3E0CA74F-6331-4C20-A896-8200B0982838}.Release|Any CPU.ActiveCfg = Release|Any CPU
		{3E0CA74F-6331-4C20-A896-8200B0982838}.Release|Any CPU.Build.0 = Release|Any CPU
		{581446F9-26C7-429D-B721-0F8C2226A2B4}.Debug|Any CPU.ActiveCfg = Debug|Any CPU
		{581446F9-26C7-429D-B721-0F8C2226A2B4}.Debug|Any CPU.Build.0 = Debug|Any CPU
		{581446F9-26C7-429D-B721-0F8C2226A2B4}.Release|Any CPU.ActiveCfg = Release|Any CPU
		{581446F9-26C7-429D-B721-0F8C2226A2B4}.Release|Any CPU.Build.0 = Release|Any CPU
		{43D37980-AE2D-4739-8B51-70CC5DC1760D}.Debug|Any CPU.ActiveCfg = Debug|Any CPU
		{43D37980-AE2D-4739-8B51-70CC5DC1760D}.Debug|Any CPU.Build.0 = Debug|Any CPU
		{43D37980-AE2D-4739-8B51-70CC5DC1760D}.Release|Any CPU.ActiveCfg = Release|Any CPU
		{43D37980-AE2D-4739-8B51-70CC5DC1760D}.Release|Any CPU.Build.0 = Release|Any CPU
		{B7347515-D2A8-4F14-A9C9-4369AF261E8E}.Debug|Any CPU.ActiveCfg = Debug|Any CPU
		{B7347515-D2A8-4F14-A9C9-4369AF261E8E}.Debug|Any CPU.Build.0 = Debug|Any CPU
		{B7347515-D2A8-4F14-A9C9-4369AF261E8E}.Release|Any CPU.ActiveCfg = Release|Any CPU
		{B7347515-D2A8-4F14-A9C9-4369AF261E8E}.Release|Any CPU.Build.0 = Release|Any CPU
		{EFFB4990-883B-485A-9EAD-9AA0C13E54E9}.Debug|Any CPU.ActiveCfg = Debug|Any CPU
		{EFFB4990-883B-485A-9EAD-9AA0C13E54E9}.Debug|Any CPU.Build.0 = Debug|Any CPU
		{EFFB4990-883B-485A-9EAD-9AA0C13E54E9}.Release|Any CPU.ActiveCfg = Release|Any CPU
		{EFFB4990-883B-485A-9EAD-9AA0C13E54E9}.Release|Any CPU.Build.0 = Release|Any CPU
		{DA625034-2378-47F8-A955-C0D12B9C4DAB}.Debug|Any CPU.ActiveCfg = Debug|Any CPU
		{DA625034-2378-47F8-A955-C0D12B9C4DAB}.Debug|Any CPU.Build.0 = Debug|Any CPU
		{DA625034-2378-47F8-A955-C0D12B9C4DAB}.Release|Any CPU.ActiveCfg = Release|Any CPU
		{DA625034-2378-47F8-A955-C0D12B9C4DAB}.Release|Any CPU.Build.0 = Release|Any CPU
		{1772DDC6-1282-41D4-8F82-7741F2D1E6DB}.Debug|Any CPU.ActiveCfg = Debug|Any CPU
		{1772DDC6-1282-41D4-8F82-7741F2D1E6DB}.Debug|Any CPU.Build.0 = Debug|Any CPU
		{1772DDC6-1282-41D4-8F82-7741F2D1E6DB}.Release|Any CPU.ActiveCfg = Release|Any CPU
		{1772DDC6-1282-41D4-8F82-7741F2D1E6DB}.Release|Any CPU.Build.0 = Release|Any CPU
		{A0E653C6-D2FE-44F8-9A17-2BC205BD776B}.Debug|Any CPU.ActiveCfg = Debug|Any CPU
		{A0E653C6-D2FE-44F8-9A17-2BC205BD776B}.Debug|Any CPU.Build.0 = Debug|Any CPU
		{A0E653C6-D2FE-44F8-9A17-2BC205BD776B}.Release|Any CPU.ActiveCfg = Release|Any CPU
		{A0E653C6-D2FE-44F8-9A17-2BC205BD776B}.Release|Any CPU.Build.0 = Release|Any CPU
		{E4B1D187-26A0-4368-83B5-136B5FEDB2A7}.Debug|Any CPU.ActiveCfg = Debug|Any CPU
		{E4B1D187-26A0-4368-83B5-136B5FEDB2A7}.Debug|Any CPU.Build.0 = Debug|Any CPU
		{E4B1D187-26A0-4368-83B5-136B5FEDB2A7}.Release|Any CPU.ActiveCfg = Release|Any CPU
		{E4B1D187-26A0-4368-83B5-136B5FEDB2A7}.Release|Any CPU.Build.0 = Release|Any CPU
		{1E00B670-CF97-48C2-92F6-C3E3382573A1}.Debug|Any CPU.ActiveCfg = Debug|Any CPU
		{1E00B670-CF97-48C2-92F6-C3E3382573A1}.Debug|Any CPU.Build.0 = Debug|Any CPU
		{1E00B670-CF97-48C2-92F6-C3E3382573A1}.Release|Any CPU.ActiveCfg = Release|Any CPU
		{1E00B670-CF97-48C2-92F6-C3E3382573A1}.Release|Any CPU.Build.0 = Release|Any CPU
		{D266A361-058F-449B-9A21-999579E8B6F8}.Debug|Any CPU.ActiveCfg = Debug|Any CPU
		{D266A361-058F-449B-9A21-999579E8B6F8}.Debug|Any CPU.Build.0 = Debug|Any CPU
		{D266A361-058F-449B-9A21-999579E8B6F8}.Release|Any CPU.ActiveCfg = Release|Any CPU
		{D266A361-058F-449B-9A21-999579E8B6F8}.Release|Any CPU.Build.0 = Release|Any CPU
		{EF04A817-F6D5-4005-A4B3-B20EB18E869F}.Debug|Any CPU.ActiveCfg = Debug|Any CPU
		{EF04A817-F6D5-4005-A4B3-B20EB18E869F}.Debug|Any CPU.Build.0 = Debug|Any CPU
		{EF04A817-F6D5-4005-A4B3-B20EB18E869F}.Release|Any CPU.ActiveCfg = Release|Any CPU
		{EF04A817-F6D5-4005-A4B3-B20EB18E869F}.Release|Any CPU.Build.0 = Release|Any CPU
		{E99CF785-6640-48FE-9F1D-B3D754BBF924}.Debug|Any CPU.ActiveCfg = Debug|Any CPU
		{E99CF785-6640-48FE-9F1D-B3D754BBF924}.Debug|Any CPU.Build.0 = Debug|Any CPU
		{E99CF785-6640-48FE-9F1D-B3D754BBF924}.Release|Any CPU.ActiveCfg = Release|Any CPU
		{E99CF785-6640-48FE-9F1D-B3D754BBF924}.Release|Any CPU.Build.0 = Release|Any CPU
		{F1FEA2EA-90A0-4D8C-B0DC-E19B533784E8}.Debug|Any CPU.ActiveCfg = Debug|Any CPU
		{F1FEA2EA-90A0-4D8C-B0DC-E19B533784E8}.Debug|Any CPU.Build.0 = Debug|Any CPU
		{F1FEA2EA-90A0-4D8C-B0DC-E19B533784E8}.Release|Any CPU.ActiveCfg = Release|Any CPU
		{F1FEA2EA-90A0-4D8C-B0DC-E19B533784E8}.Release|Any CPU.Build.0 = Release|Any CPU
		{A93C27C1-3E22-45E1-8104-B35441A208E1}.Debug|Any CPU.ActiveCfg = Debug|Any CPU
		{A93C27C1-3E22-45E1-8104-B35441A208E1}.Debug|Any CPU.Build.0 = Debug|Any CPU
		{A93C27C1-3E22-45E1-8104-B35441A208E1}.Release|Any CPU.ActiveCfg = Release|Any CPU
		{A93C27C1-3E22-45E1-8104-B35441A208E1}.Release|Any CPU.Build.0 = Release|Any CPU
		{6B805782-394B-493B-B9C0-FD311C7999AE}.Debug|Any CPU.ActiveCfg = Debug|Any CPU
		{6B805782-394B-493B-B9C0-FD311C7999AE}.Debug|Any CPU.Build.0 = Debug|Any CPU
		{6B805782-394B-493B-B9C0-FD311C7999AE}.Release|Any CPU.ActiveCfg = Release|Any CPU
		{6B805782-394B-493B-B9C0-FD311C7999AE}.Release|Any CPU.Build.0 = Release|Any CPU
		{E868888E-2FB0-41CB-B840-508B848288B4}.Debug|Any CPU.ActiveCfg = Debug|Any CPU
		{E868888E-2FB0-41CB-B840-508B848288B4}.Debug|Any CPU.Build.0 = Debug|Any CPU
		{E868888E-2FB0-41CB-B840-508B848288B4}.Release|Any CPU.ActiveCfg = Release|Any CPU
		{E868888E-2FB0-41CB-B840-508B848288B4}.Release|Any CPU.Build.0 = Release|Any CPU
		{CA37F3DD-FBA9-47FA-BD8D-197C2DB151E4}.Debug|Any CPU.ActiveCfg = Debug|Any CPU
		{CA37F3DD-FBA9-47FA-BD8D-197C2DB151E4}.Debug|Any CPU.Build.0 = Debug|Any CPU
		{CA37F3DD-FBA9-47FA-BD8D-197C2DB151E4}.Release|Any CPU.ActiveCfg = Release|Any CPU
		{CA37F3DD-FBA9-47FA-BD8D-197C2DB151E4}.Release|Any CPU.Build.0 = Release|Any CPU
		{52F2216E-4460-4628-8128-5EECF397B3EA}.Debug|Any CPU.ActiveCfg = Debug|Any CPU
		{52F2216E-4460-4628-8128-5EECF397B3EA}.Debug|Any CPU.Build.0 = Debug|Any CPU
		{52F2216E-4460-4628-8128-5EECF397B3EA}.Release|Any CPU.ActiveCfg = Release|Any CPU
		{52F2216E-4460-4628-8128-5EECF397B3EA}.Release|Any CPU.Build.0 = Release|Any CPU
		{19227383-9D1F-402C-943B-B7A5EF945040}.Debug|Any CPU.ActiveCfg = Debug|Any CPU
		{19227383-9D1F-402C-943B-B7A5EF945040}.Debug|Any CPU.Build.0 = Debug|Any CPU
		{19227383-9D1F-402C-943B-B7A5EF945040}.Release|Any CPU.ActiveCfg = Release|Any CPU
		{19227383-9D1F-402C-943B-B7A5EF945040}.Release|Any CPU.Build.0 = Release|Any CPU
		{FB9396C2-7422-4CA3-AE57-F2D98E879C33}.Debug|Any CPU.ActiveCfg = Debug|Any CPU
		{FB9396C2-7422-4CA3-AE57-F2D98E879C33}.Debug|Any CPU.Build.0 = Debug|Any CPU
		{FB9396C2-7422-4CA3-AE57-F2D98E879C33}.Release|Any CPU.ActiveCfg = Release|Any CPU
		{FB9396C2-7422-4CA3-AE57-F2D98E879C33}.Release|Any CPU.Build.0 = Release|Any CPU
		{17313634-8801-4C8B-8B03-661A2B17BDAD}.Debug|Any CPU.ActiveCfg = Debug|Any CPU
		{17313634-8801-4C8B-8B03-661A2B17BDAD}.Debug|Any CPU.Build.0 = Debug|Any CPU
		{17313634-8801-4C8B-8B03-661A2B17BDAD}.Release|Any CPU.ActiveCfg = Release|Any CPU
		{17313634-8801-4C8B-8B03-661A2B17BDAD}.Release|Any CPU.Build.0 = Release|Any CPU
		{18B564B3-0278-4B88-95B7-2AEC048F1E92}.Debug|Any CPU.ActiveCfg = Debug|Any CPU
		{18B564B3-0278-4B88-95B7-2AEC048F1E92}.Debug|Any CPU.Build.0 = Debug|Any CPU
		{18B564B3-0278-4B88-95B7-2AEC048F1E92}.Release|Any CPU.ActiveCfg = Release|Any CPU
		{18B564B3-0278-4B88-95B7-2AEC048F1E92}.Release|Any CPU.Build.0 = Release|Any CPU
		{99AA5F62-E7B6-44B2-AC85-4FCEC9F6BAE0}.Debug|Any CPU.ActiveCfg = Debug|Any CPU
		{99AA5F62-E7B6-44B2-AC85-4FCEC9F6BAE0}.Debug|Any CPU.Build.0 = Debug|Any CPU
		{99AA5F62-E7B6-44B2-AC85-4FCEC9F6BAE0}.Release|Any CPU.ActiveCfg = Release|Any CPU
		{99AA5F62-E7B6-44B2-AC85-4FCEC9F6BAE0}.Release|Any CPU.Build.0 = Release|Any CPU
		{3485912E-61C3-45CB-9672-F17F45482294}.Debug|Any CPU.ActiveCfg = Debug|Any CPU
		{3485912E-61C3-45CB-9672-F17F45482294}.Debug|Any CPU.Build.0 = Debug|Any CPU
		{3485912E-61C3-45CB-9672-F17F45482294}.Release|Any CPU.ActiveCfg = Release|Any CPU
		{3485912E-61C3-45CB-9672-F17F45482294}.Release|Any CPU.Build.0 = Release|Any CPU
		{377C04A8-D8BE-42C6-84D2-85FA5586AA83}.Debug|Any CPU.ActiveCfg = Debug|Any CPU
		{377C04A8-D8BE-42C6-84D2-85FA5586AA83}.Debug|Any CPU.Build.0 = Debug|Any CPU
		{377C04A8-D8BE-42C6-84D2-85FA5586AA83}.Release|Any CPU.ActiveCfg = Release|Any CPU
		{377C04A8-D8BE-42C6-84D2-85FA5586AA83}.Release|Any CPU.Build.0 = Release|Any CPU
		{DFBA4813-052D-4792-A9A3-6E56907CD152}.Debug|Any CPU.ActiveCfg = Debug|Any CPU
		{DFBA4813-052D-4792-A9A3-6E56907CD152}.Debug|Any CPU.Build.0 = Debug|Any CPU
		{DFBA4813-052D-4792-A9A3-6E56907CD152}.Release|Any CPU.ActiveCfg = Release|Any CPU
		{DFBA4813-052D-4792-A9A3-6E56907CD152}.Release|Any CPU.Build.0 = Release|Any CPU
		{83ED4192-41C7-4209-A547-CF1A6C08A203}.Debug|Any CPU.ActiveCfg = Debug|Any CPU
		{83ED4192-41C7-4209-A547-CF1A6C08A203}.Debug|Any CPU.Build.0 = Debug|Any CPU
		{83ED4192-41C7-4209-A547-CF1A6C08A203}.Release|Any CPU.ActiveCfg = Release|Any CPU
		{83ED4192-41C7-4209-A547-CF1A6C08A203}.Release|Any CPU.Build.0 = Release|Any CPU
	EndGlobalSection
	GlobalSection(SolutionProperties) = preSolution
		HideSolutionNode = FALSE
	EndGlobalSection
	GlobalSection(ExtensibilityGlobals) = postSolution
		SolutionGuid = {3654AAED-E858-4316-967F-3BC0B6F930A6}
	EndGlobalSection
EndGlobal
